
Microsoft Visual Studio Solution File, Format Version 12.00
Project("{2150E333-8FDC-42A3-9474-1A3956D46DE8}") = "AspNetCore", "AspNetCore", "{D5DEBE8C-BA3F-430D-8686-6924240CD603}"
EndProject
Project("{2150E333-8FDC-42A3-9474-1A3956D46DE8}") = "EffectiveLoggingAspNetCore", "EffectiveLoggingAspNetCore", "{21A07C60-A6B8-494F-A11E-D03713D07255}"
EndProject
Project("{FAE04EC0-301F-11D3-BF4B-00C04F79EFBC}") = "BookClub.Api", "AspNetCore\EffectiveLoggingAspNetCore\BookClub.Api\BookClub.Api.csproj", "{1226B617-584A-42C0-990D-AC26EA1C8F96}"
EndProject
Project("{FAE04EC0-301F-11D3-BF4B-00C04F79EFBC}") = "BookClub.Dal", "AspNetCore\EffectiveLoggingAspNetCore\BookClub.Dal\BookClub.Dal.csproj", "{D9F659D7-7842-4DBF-B8BB-3645815A90E5}"
EndProject
Project("{FAE04EC0-301F-11D3-BF4B-00C04F79EFBC}") = "BookClub.Infrastructure", "AspNetCore\EffectiveLoggingAspNetCore\BookClub.Infrastructure\BookClub.Infrastructure.csproj", "{57C5A045-0336-4D5E-BE68-2540CCC328A2}"
EndProject
Project("{FAE04EC0-301F-11D3-BF4B-00C04F79EFBC}") = "BookClub.Ui", "AspNetCore\EffectiveLoggingAspNetCore\BookClub.Ui\BookClub.Ui.csproj", "{6BF9764F-635F-4EEE-8FC1-ABF9FBC94AA9}"
EndProject
Project("{2150E333-8FDC-42A3-9474-1A3956D46DE8}") = "FirstWebApplication", "FirstWebApplication", "{ADFA6A5D-C4DD-4388-BB5E-A07874FB7E01}"
EndProject
Project("{FAE04EC0-301F-11D3-BF4B-00C04F79EFBC}") = "FirstWebApplication", "AspNetCore\FirstWebApplication\FirstWebApplication\FirstWebApplication.csproj", "{F4745AF9-CE14-4BB2-AA79-7047B50E04B8}"
EndProject
Project("{FAE04EC0-301F-11D3-BF4B-00C04F79EFBC}") = "FirstWebApplication.Dal", "AspNetCore\FirstWebApplication\FirstWebApplication.Dal\FirstWebApplication.Dal.csproj", "{19AD3E93-1DE7-4960-942F-40DB5F86E245}"
EndProject
Project("{FAE04EC0-301F-11D3-BF4B-00C04F79EFBC}") = "FirstWebApplication.Models", "AspNetCore\FirstWebApplication\FirstWebApplication.Models\FirstWebApplication.Models.csproj", "{D51A7581-202F-47B1-9A53-096541B99572}"
EndProject
Project("{2150E333-8FDC-42A3-9474-1A3956D46DE8}") = "CSharp", "CSharp", "{3ACE0D3B-9448-48BC-B3B9-579713CCE4DF}"
EndProject
Project("{2150E333-8FDC-42A3-9474-1A3956D46DE8}") = "ControllingProgramFlowInCSharp", "ControllingProgramFlowInCSharp", "{D87B4A98-0D4C-4E24-97E0-F0A9C9A40137}"
EndProject
Project("{FAE04EC0-301F-11D3-BF4B-00C04F79EFBC}") = "BranchingProgramFlow", "CSharp\ControllingProgramFlowInCSharp\BranchingProgramFlow\BranchingProgramFlow.csproj", "{C1571AD0-6F73-402F-B5E4-DF232E2B6E38}"
EndProject
Project("{FAE04EC0-301F-11D3-BF4B-00C04F79EFBC}") = "ControllingProgramFlow.Core", "CSharp\ControllingProgramFlowInCSharp\ControllingProgramFlow.Core\ControllingProgramFlow.Core.csproj", "{8F0D3127-5B82-4B06-97CC-A4CDBB89F9EC}"
EndProject
Project("{FAE04EC0-301F-11D3-BF4B-00C04F79EFBC}") = "WiredBrainCoffeeSurveys.Reports", "CSharp\ControllingProgramFlowInCSharp\WiredBrainCoffeeSurveys.Reports\WiredBrainCoffeeSurveys.Reports.csproj", "{21BADFAE-D147-4388-B9D6-2ED1004AA2DA}"
EndProject
Project("{2150E333-8FDC-42A3-9474-1A3956D46DE8}") = "CSharpGettingStarted", "CSharpGettingStarted", "{DDF2A7E8-DC0B-4E50-A18E-45D6BD388D49}"
EndProject
Project("{FAE04EC0-301F-11D3-BF4B-00C04F79EFBC}") = "AssemblingCSharpProgram", "CSharp\CSharpGettingStarted\AssemblingCSharpProgram\AssemblingCSharpProgram.csproj", "{B24EC62F-275E-42DF-818E-D06CAC0AD0A4}"
EndProject
Project("{FAE04EC0-301F-11D3-BF4B-00C04F79EFBC}") = "ExploringCSharpBuildingBlocks", "CSharp\CSharpGettingStarted\ExploringCSharpBuildingBlocks\ExploringCSharpBuildingBlocks.csproj", "{B242BD46-8315-4964-A78F-DE3710D52666}"
EndProject
Project("{F2A71F9B-5D33-465A-A702-920D77279786}") = "WeatherUtilities", "CSharp\CSharpGettingStarted\AssemblingCSharpProgram\WeatherUtilities\WeatherUtilities.fsproj", "{2402FD1C-AF01-40C9-B834-DC83D658D808}"
EndProject
Project("{2150E333-8FDC-42A3-9474-1A3956D46DE8}") = "TheBigPicture", "TheBigPicture", "{0BC3DDC1-51F4-49E9-BD02-B45C247AA92A}"
EndProject
Project("{FAE04EC0-301F-11D3-BF4B-00C04F79EFBC}") = "ExploringManagedExecution", "CSharp\TheBigPicture\ExploringManagedExecution\ExploringManagedExecution.csproj", "{22F1714A-414A-432D-B521-E80151D10109}"
EndProject
Project("{FAE04EC0-301F-11D3-BF4B-00C04F79EFBC}") = "PuttingCLinCLR", "CSharp\TheBigPicture\PuttingCLinCLR\PuttingCLinCLR.csproj", "{20CDA65C-6C1D-431C-BA00-CD97142F34FA}"
EndProject
Project("{2150E333-8FDC-42A3-9474-1A3956D46DE8}") = "DotnetClassLibraries", "DotnetClassLibraries", "{AC3ED426-B49F-4611-850C-CF791E429605}"
EndProject
Project("{F2A71F9B-5D33-465A-A702-920D77279786}") = "FSharpLibrary", "CSharp\TheBigPicture\PuttingCLinCLR\FSharpLibrary\FSharpLibrary.fsproj", "{5E9F6428-773C-495B-9D7F-C7490A142749}"
EndProject
Project("{2150E333-8FDC-42A3-9474-1A3956D46DE8}") = "WorkingWithFilesAndStreams", "WorkingWithFilesAndStreams", "{35DD258B-F885-42A4-B1FD-AC2E2D0E29B0}"
EndProject
Project("{2150E333-8FDC-42A3-9474-1A3956D46DE8}") = "Creating-Automated-Tests-for-File-Access-Code", "Creating-Automated-Tests-for-File-Access-Code", "{F438E1FB-76F3-4E76-B419-34DDCF02D4EE}"
EndProject
Project("{FAE04EC0-301F-11D3-BF4B-00C04F79EFBC}") = "DataProcessor", "DotnetClassLibraries\WorkingWithFilesAndStreams\Creating-Automated-Tests-for-File-Access-Code\DataProcessor\DataProcessor.csproj", "{E8BB1094-D724-4863-ABE7-263102573768}"
EndProject
Project("{FAE04EC0-301F-11D3-BF4B-00C04F79EFBC}") = "DataProcessor.Tests", "DotnetClassLibraries\WorkingWithFilesAndStreams\Creating-Automated-Tests-for-File-Access-Code\DataProcessor.Tests\DataProcessor.Tests.csproj", "{B60BF437-80E7-4887-AD00-0286A95A0F74}"
EndProject
Project("{2150E333-8FDC-42A3-9474-1A3956D46DE8}") = "Monitoring-the-File-System-for-Changes", "Monitoring-the-File-System-for-Changes", "{BECC88C8-2CAF-4D2A-9B06-843A598844D8}"
EndProject
Project("{FAE04EC0-301F-11D3-BF4B-00C04F79EFBC}") = "CustomListSolution", "DotnetClassLibraries\WorkingWithFilesAndStreams\Monitoring-the-File-System-for-Changes\CustomListSolution\CustomListSolution.csproj", "{3F892DBE-C393-41A4-8E8F-6F3D2CC1588D}"
EndProject
Project("{FAE04EC0-301F-11D3-BF4B-00C04F79EFBC}") = "MemoryCacheSolution", "DotnetClassLibraries\WorkingWithFilesAndStreams\Monitoring-the-File-System-for-Changes\MemoryCacheSolution\MemoryCacheSolution.csproj", "{02AF68D3-B616-415B-8D74-C11E52F6C489}"
EndProject
Project("{2150E333-8FDC-42A3-9474-1A3956D46DE8}") = "Reading-and-Writing-CSV-Data", "Reading-and-Writing-CSV-Data", "{A68A8271-EF5B-4ED3-B735-EB0B3EBECEED}"
EndProject
Project("{FAE04EC0-301F-11D3-BF4B-00C04F79EFBC}") = "Reading-and-Writing-CSV-Data", "DotnetClassLibraries\WorkingWithFilesAndStreams\Reading-and-Writing-CSV-Data\Reading-and-Writing-CSV-Data.csproj", "{89899C1B-0BD0-41D4-AFDB-53FCE7D0865C}"
EndProject
Project("{FAE04EC0-301F-11D3-BF4B-00C04F79EFBC}") = "Reading-and-Writing-Data-Incrementally-Using-Streams", "DotnetClassLibraries\WorkingWithFilesAndStreams\Reading-and-Writing-Data-Incrementally-Using-Streams\Reading-and-Writing-Data-Incrementally-Using-Streams.csproj", "{6600F2C8-ED33-4C53-89A5-F48121CA0686}"
EndProject
Project("{FAE04EC0-301F-11D3-BF4B-00C04F79EFBC}") = "Reading-and-Writing-Entire-Files-into-Memory", "DotnetClassLibraries\WorkingWithFilesAndStreams\Reading-and-Writing-Entire-Files-into-Memory\Reading-and-Writing-Entire-Files-into-Memory.csproj", "{A23DA5DC-BBEA-402D-8B1D-727B316BD061}"
EndProject
Project("{FAE04EC0-301F-11D3-BF4B-00C04F79EFBC}") = "DataProcessor", "DotnetClassLibraries\WorkingWithFilesAndStreams\DataProcessor\DataProcessor.csproj", "{97B7DBF9-6445-4DED-9429-EADD3263CD18}"
EndProject
Project("{2150E333-8FDC-42A3-9474-1A3956D46DE8}") = "Habr", "Habr", "{63C97970-12BE-41BE-94B5-43E894DAE2EF}"
EndProject
Project("{FAE04EC0-301F-11D3-BF4B-00C04F79EFBC}") = "DmitryKublashviliHabrLinqIntoKeyhole", "Habr\DmitryKublashviliHabrLinqIntoKeyhole\DmitryKublashviliHabrLinqIntoKeyhole.csproj", "{764ED012-BB5D-46E7-8652-4330BE77DE99}"
EndProject
Project("{FAE04EC0-301F-11D3-BF4B-00C04F79EFBC}") = "MaxRokatanskyBestAsyncAwaitPractices", "Habr\MaxRokatanskyBestAsyncAwaitPractices\MaxRokatanskyBestAsyncAwaitPractices.csproj", "{B65F73F7-2AFC-4E56-8FEB-3E50837491B0}"
EndProject
Project("{2150E333-8FDC-42A3-9474-1A3956D46DE8}") = "Other", "Other", "{029A4DB6-97FD-4C7D-BC21-E188D1EC9E2B}"
EndProject
Project("{2150E333-8FDC-42A3-9474-1A3956D46DE8}") = "GettingStartedWithAsynchronousProgrammingDotnet", "GettingStartedWithAsynchronousProgrammingDotnet", "{4ABD6206-5D65-4D0E-A5D6-9430B1F24CC0}"
EndProject
Project("{FAE04EC0-301F-11D3-BF4B-00C04F79EFBC}") = "StockAnalyzer.Core", "Other\GettingStartedWithAsynchronousProgrammingDotnet\StockAnalyzer.Core\StockAnalyzer.Core.csproj", "{043177D0-D2BB-448F-ABCA-F0FB0AB925FE}"
EndProject
Project("{FAE04EC0-301F-11D3-BF4B-00C04F79EFBC}") = "StockAnalyzer.Web", "Other\GettingStartedWithAsynchronousProgrammingDotnet\StockAnalyzer.Web\StockAnalyzer.Web.csproj", "{08137A63-3A97-46FE-A562-CC915A08C216}"
EndProject
Project("{FAE04EC0-301F-11D3-BF4B-00C04F79EFBC}") = "StockAnalyzer.Wpf", "Other\GettingStartedWithAsynchronousProgrammingDotnet\StockAnalyzer.Wpf\StockAnalyzer.Wpf.csproj", "{2CE3D13C-3A15-4012-BDCB-81875F40C949}"
EndProject
Project("{2150E333-8FDC-42A3-9474-1A3956D46DE8}") = "WorkingWithNulls", "WorkingWithNulls", "{E824BBB4-1D3F-41F6-AEB3-9443DD434C4A}"
EndProject
Project("{FAE04EC0-301F-11D3-BF4B-00C04F79EFBC}") = "CSharpNullBasics", "Other\WorkingWithNulls\CSharpNullBasics\CSharpNullBasics.csproj", "{1FDB3978-2A36-470F-B604-D75C75D27BF4}"
EndProject
Project("{FAE04EC0-301F-11D3-BF4B-00C04F79EFBC}") = "GameConsole", "Other\WorkingWithNulls\GameConsole\GameConsole.csproj", "{0089F50D-A2C8-443A-BAC0-E9C2DC6987FC}"
EndProject
Global
	GlobalSection(SolutionConfigurationPlatforms) = preSolution
		Debug|Any CPU = Debug|Any CPU
		Release|Any CPU = Release|Any CPU
	EndGlobalSection
	GlobalSection(NestedProjects) = preSolution
		{21A07C60-A6B8-494F-A11E-D03713D07255} = {D5DEBE8C-BA3F-430D-8686-6924240CD603}
		{1226B617-584A-42C0-990D-AC26EA1C8F96} = {21A07C60-A6B8-494F-A11E-D03713D07255}
		{D9F659D7-7842-4DBF-B8BB-3645815A90E5} = {21A07C60-A6B8-494F-A11E-D03713D07255}
		{57C5A045-0336-4D5E-BE68-2540CCC328A2} = {21A07C60-A6B8-494F-A11E-D03713D07255}
		{6BF9764F-635F-4EEE-8FC1-ABF9FBC94AA9} = {21A07C60-A6B8-494F-A11E-D03713D07255}
		{ADFA6A5D-C4DD-4388-BB5E-A07874FB7E01} = {D5DEBE8C-BA3F-430D-8686-6924240CD603}
		{F4745AF9-CE14-4BB2-AA79-7047B50E04B8} = {ADFA6A5D-C4DD-4388-BB5E-A07874FB7E01}
		{19AD3E93-1DE7-4960-942F-40DB5F86E245} = {ADFA6A5D-C4DD-4388-BB5E-A07874FB7E01}
		{D51A7581-202F-47B1-9A53-096541B99572} = {ADFA6A5D-C4DD-4388-BB5E-A07874FB7E01}
		{D87B4A98-0D4C-4E24-97E0-F0A9C9A40137} = {3ACE0D3B-9448-48BC-B3B9-579713CCE4DF}
		{C1571AD0-6F73-402F-B5E4-DF232E2B6E38} = {D87B4A98-0D4C-4E24-97E0-F0A9C9A40137}
		{8F0D3127-5B82-4B06-97CC-A4CDBB89F9EC} = {D87B4A98-0D4C-4E24-97E0-F0A9C9A40137}
		{21BADFAE-D147-4388-B9D6-2ED1004AA2DA} = {D87B4A98-0D4C-4E24-97E0-F0A9C9A40137}
		{DDF2A7E8-DC0B-4E50-A18E-45D6BD388D49} = {3ACE0D3B-9448-48BC-B3B9-579713CCE4DF}
		{B24EC62F-275E-42DF-818E-D06CAC0AD0A4} = {DDF2A7E8-DC0B-4E50-A18E-45D6BD388D49}
		{B242BD46-8315-4964-A78F-DE3710D52666} = {DDF2A7E8-DC0B-4E50-A18E-45D6BD388D49}
		{2402FD1C-AF01-40C9-B834-DC83D658D808} = {DDF2A7E8-DC0B-4E50-A18E-45D6BD388D49}
		{0BC3DDC1-51F4-49E9-BD02-B45C247AA92A} = {3ACE0D3B-9448-48BC-B3B9-579713CCE4DF}
		{22F1714A-414A-432D-B521-E80151D10109} = {0BC3DDC1-51F4-49E9-BD02-B45C247AA92A}
		{20CDA65C-6C1D-431C-BA00-CD97142F34FA} = {0BC3DDC1-51F4-49E9-BD02-B45C247AA92A}
		{5E9F6428-773C-495B-9D7F-C7490A142749} = {0BC3DDC1-51F4-49E9-BD02-B45C247AA92A}
		{35DD258B-F885-42A4-B1FD-AC2E2D0E29B0} = {AC3ED426-B49F-4611-850C-CF791E429605}
		{F438E1FB-76F3-4E76-B419-34DDCF02D4EE} = {35DD258B-F885-42A4-B1FD-AC2E2D0E29B0}
		{E8BB1094-D724-4863-ABE7-263102573768} = {F438E1FB-76F3-4E76-B419-34DDCF02D4EE}
		{B60BF437-80E7-4887-AD00-0286A95A0F74} = {F438E1FB-76F3-4E76-B419-34DDCF02D4EE}
		{BECC88C8-2CAF-4D2A-9B06-843A598844D8} = {35DD258B-F885-42A4-B1FD-AC2E2D0E29B0}
		{3F892DBE-C393-41A4-8E8F-6F3D2CC1588D} = {BECC88C8-2CAF-4D2A-9B06-843A598844D8}
		{02AF68D3-B616-415B-8D74-C11E52F6C489} = {BECC88C8-2CAF-4D2A-9B06-843A598844D8}
		{A68A8271-EF5B-4ED3-B735-EB0B3EBECEED} = {35DD258B-F885-42A4-B1FD-AC2E2D0E29B0}
		{89899C1B-0BD0-41D4-AFDB-53FCE7D0865C} = {A68A8271-EF5B-4ED3-B735-EB0B3EBECEED}
		{6600F2C8-ED33-4C53-89A5-F48121CA0686} = {35DD258B-F885-42A4-B1FD-AC2E2D0E29B0}
		{A23DA5DC-BBEA-402D-8B1D-727B316BD061} = {35DD258B-F885-42A4-B1FD-AC2E2D0E29B0}
		{97B7DBF9-6445-4DED-9429-EADD3263CD18} = {35DD258B-F885-42A4-B1FD-AC2E2D0E29B0}
		{764ED012-BB5D-46E7-8652-4330BE77DE99} = {63C97970-12BE-41BE-94B5-43E894DAE2EF}
		{B65F73F7-2AFC-4E56-8FEB-3E50837491B0} = {63C97970-12BE-41BE-94B5-43E894DAE2EF}
		{4ABD6206-5D65-4D0E-A5D6-9430B1F24CC0} = {029A4DB6-97FD-4C7D-BC21-E188D1EC9E2B}
		{043177D0-D2BB-448F-ABCA-F0FB0AB925FE} = {4ABD6206-5D65-4D0E-A5D6-9430B1F24CC0}
		{08137A63-3A97-46FE-A562-CC915A08C216} = {4ABD6206-5D65-4D0E-A5D6-9430B1F24CC0}
		{2CE3D13C-3A15-4012-BDCB-81875F40C949} = {4ABD6206-5D65-4D0E-A5D6-9430B1F24CC0}
		{E824BBB4-1D3F-41F6-AEB3-9443DD434C4A} = {029A4DB6-97FD-4C7D-BC21-E188D1EC9E2B}
		{1FDB3978-2A36-470F-B604-D75C75D27BF4} = {E824BBB4-1D3F-41F6-AEB3-9443DD434C4A}
		{0089F50D-A2C8-443A-BAC0-E9C2DC6987FC} = {E824BBB4-1D3F-41F6-AEB3-9443DD434C4A}
	EndGlobalSection
	GlobalSection(ProjectConfigurationPlatforms) = postSolution
		{1226B617-584A-42C0-990D-AC26EA1C8F96}.Debug|Any CPU.ActiveCfg = Debug|Any CPU
		{1226B617-584A-42C0-990D-AC26EA1C8F96}.Debug|Any CPU.Build.0 = Debug|Any CPU
		{1226B617-584A-42C0-990D-AC26EA1C8F96}.Release|Any CPU.ActiveCfg = Release|Any CPU
		{1226B617-584A-42C0-990D-AC26EA1C8F96}.Release|Any CPU.Build.0 = Release|Any CPU
		{D9F659D7-7842-4DBF-B8BB-3645815A90E5}.Debug|Any CPU.ActiveCfg = Debug|Any CPU
		{D9F659D7-7842-4DBF-B8BB-3645815A90E5}.Debug|Any CPU.Build.0 = Debug|Any CPU
		{D9F659D7-7842-4DBF-B8BB-3645815A90E5}.Release|Any CPU.ActiveCfg = Release|Any CPU
		{D9F659D7-7842-4DBF-B8BB-3645815A90E5}.Release|Any CPU.Build.0 = Release|Any CPU
		{57C5A045-0336-4D5E-BE68-2540CCC328A2}.Debug|Any CPU.ActiveCfg = Debug|Any CPU
		{57C5A045-0336-4D5E-BE68-2540CCC328A2}.Debug|Any CPU.Build.0 = Debug|Any CPU
		{57C5A045-0336-4D5E-BE68-2540CCC328A2}.Release|Any CPU.ActiveCfg = Release|Any CPU
		{57C5A045-0336-4D5E-BE68-2540CCC328A2}.Release|Any CPU.Build.0 = Release|Any CPU
		{6BF9764F-635F-4EEE-8FC1-ABF9FBC94AA9}.Debug|Any CPU.ActiveCfg = Debug|Any CPU
		{6BF9764F-635F-4EEE-8FC1-ABF9FBC94AA9}.Debug|Any CPU.Build.0 = Debug|Any CPU
		{6BF9764F-635F-4EEE-8FC1-ABF9FBC94AA9}.Release|Any CPU.ActiveCfg = Release|Any CPU
		{6BF9764F-635F-4EEE-8FC1-ABF9FBC94AA9}.Release|Any CPU.Build.0 = Release|Any CPU
		{F4745AF9-CE14-4BB2-AA79-7047B50E04B8}.Debug|Any CPU.ActiveCfg = Debug|Any CPU
		{F4745AF9-CE14-4BB2-AA79-7047B50E04B8}.Debug|Any CPU.Build.0 = Debug|Any CPU
		{F4745AF9-CE14-4BB2-AA79-7047B50E04B8}.Release|Any CPU.ActiveCfg = Release|Any CPU
		{F4745AF9-CE14-4BB2-AA79-7047B50E04B8}.Release|Any CPU.Build.0 = Release|Any CPU
		{19AD3E93-1DE7-4960-942F-40DB5F86E245}.Debug|Any CPU.ActiveCfg = Debug|Any CPU
		{19AD3E93-1DE7-4960-942F-40DB5F86E245}.Debug|Any CPU.Build.0 = Debug|Any CPU
		{19AD3E93-1DE7-4960-942F-40DB5F86E245}.Release|Any CPU.ActiveCfg = Release|Any CPU
		{19AD3E93-1DE7-4960-942F-40DB5F86E245}.Release|Any CPU.Build.0 = Release|Any CPU
		{D51A7581-202F-47B1-9A53-096541B99572}.Debug|Any CPU.ActiveCfg = Debug|Any CPU
		{D51A7581-202F-47B1-9A53-096541B99572}.Debug|Any CPU.Build.0 = Debug|Any CPU
		{D51A7581-202F-47B1-9A53-096541B99572}.Release|Any CPU.ActiveCfg = Release|Any CPU
		{D51A7581-202F-47B1-9A53-096541B99572}.Release|Any CPU.Build.0 = Release|Any CPU
		{C1571AD0-6F73-402F-B5E4-DF232E2B6E38}.Debug|Any CPU.ActiveCfg = Debug|Any CPU
		{C1571AD0-6F73-402F-B5E4-DF232E2B6E38}.Debug|Any CPU.Build.0 = Debug|Any CPU
		{C1571AD0-6F73-402F-B5E4-DF232E2B6E38}.Release|Any CPU.ActiveCfg = Release|Any CPU
		{C1571AD0-6F73-402F-B5E4-DF232E2B6E38}.Release|Any CPU.Build.0 = Release|Any CPU
		{8F0D3127-5B82-4B06-97CC-A4CDBB89F9EC}.Debug|Any CPU.ActiveCfg = Debug|Any CPU
		{8F0D3127-5B82-4B06-97CC-A4CDBB89F9EC}.Debug|Any CPU.Build.0 = Debug|Any CPU
		{8F0D3127-5B82-4B06-97CC-A4CDBB89F9EC}.Release|Any CPU.ActiveCfg = Release|Any CPU
		{8F0D3127-5B82-4B06-97CC-A4CDBB89F9EC}.Release|Any CPU.Build.0 = Release|Any CPU
		{21BADFAE-D147-4388-B9D6-2ED1004AA2DA}.Debug|Any CPU.ActiveCfg = Debug|Any CPU
		{21BADFAE-D147-4388-B9D6-2ED1004AA2DA}.Debug|Any CPU.Build.0 = Debug|Any CPU
		{21BADFAE-D147-4388-B9D6-2ED1004AA2DA}.Release|Any CPU.ActiveCfg = Release|Any CPU
		{21BADFAE-D147-4388-B9D6-2ED1004AA2DA}.Release|Any CPU.Build.0 = Release|Any CPU
		{B24EC62F-275E-42DF-818E-D06CAC0AD0A4}.Debug|Any CPU.ActiveCfg = Debug|Any CPU
		{B24EC62F-275E-42DF-818E-D06CAC0AD0A4}.Debug|Any CPU.Build.0 = Debug|Any CPU
		{B24EC62F-275E-42DF-818E-D06CAC0AD0A4}.Release|Any CPU.ActiveCfg = Release|Any CPU
		{B24EC62F-275E-42DF-818E-D06CAC0AD0A4}.Release|Any CPU.Build.0 = Release|Any CPU
		{B242BD46-8315-4964-A78F-DE3710D52666}.Debug|Any CPU.ActiveCfg = Debug|Any CPU
		{B242BD46-8315-4964-A78F-DE3710D52666}.Debug|Any CPU.Build.0 = Debug|Any CPU
		{B242BD46-8315-4964-A78F-DE3710D52666}.Release|Any CPU.ActiveCfg = Release|Any CPU
		{B242BD46-8315-4964-A78F-DE3710D52666}.Release|Any CPU.Build.0 = Release|Any CPU
		{2402FD1C-AF01-40C9-B834-DC83D658D808}.Debug|Any CPU.ActiveCfg = Debug|Any CPU
		{2402FD1C-AF01-40C9-B834-DC83D658D808}.Debug|Any CPU.Build.0 = Debug|Any CPU
		{2402FD1C-AF01-40C9-B834-DC83D658D808}.Release|Any CPU.ActiveCfg = Release|Any CPU
		{2402FD1C-AF01-40C9-B834-DC83D658D808}.Release|Any CPU.Build.0 = Release|Any CPU
		{22F1714A-414A-432D-B521-E80151D10109}.Debug|Any CPU.ActiveCfg = Debug|Any CPU
		{22F1714A-414A-432D-B521-E80151D10109}.Debug|Any CPU.Build.0 = Debug|Any CPU
		{22F1714A-414A-432D-B521-E80151D10109}.Release|Any CPU.ActiveCfg = Release|Any CPU
		{22F1714A-414A-432D-B521-E80151D10109}.Release|Any CPU.Build.0 = Release|Any CPU
		{20CDA65C-6C1D-431C-BA00-CD97142F34FA}.Debug|Any CPU.ActiveCfg = Debug|Any CPU
		{20CDA65C-6C1D-431C-BA00-CD97142F34FA}.Debug|Any CPU.Build.0 = Debug|Any CPU
		{20CDA65C-6C1D-431C-BA00-CD97142F34FA}.Release|Any CPU.ActiveCfg = Release|Any CPU
		{20CDA65C-6C1D-431C-BA00-CD97142F34FA}.Release|Any CPU.Build.0 = Release|Any CPU
		{5E9F6428-773C-495B-9D7F-C7490A142749}.Debug|Any CPU.ActiveCfg = Debug|Any CPU
		{5E9F6428-773C-495B-9D7F-C7490A142749}.Debug|Any CPU.Build.0 = Debug|Any CPU
		{5E9F6428-773C-495B-9D7F-C7490A142749}.Release|Any CPU.ActiveCfg = Release|Any CPU
		{5E9F6428-773C-495B-9D7F-C7490A142749}.Release|Any CPU.Build.0 = Release|Any CPU
		{E8BB1094-D724-4863-ABE7-263102573768}.Debug|Any CPU.ActiveCfg = Debug|Any CPU
		{E8BB1094-D724-4863-ABE7-263102573768}.Debug|Any CPU.Build.0 = Debug|Any CPU
		{E8BB1094-D724-4863-ABE7-263102573768}.Release|Any CPU.ActiveCfg = Release|Any CPU
		{E8BB1094-D724-4863-ABE7-263102573768}.Release|Any CPU.Build.0 = Release|Any CPU
		{B60BF437-80E7-4887-AD00-0286A95A0F74}.Debug|Any CPU.ActiveCfg = Debug|Any CPU
		{B60BF437-80E7-4887-AD00-0286A95A0F74}.Debug|Any CPU.Build.0 = Debug|Any CPU
		{B60BF437-80E7-4887-AD00-0286A95A0F74}.Release|Any CPU.ActiveCfg = Release|Any CPU
		{B60BF437-80E7-4887-AD00-0286A95A0F74}.Release|Any CPU.Build.0 = Release|Any CPU
		{3F892DBE-C393-41A4-8E8F-6F3D2CC1588D}.Debug|Any CPU.ActiveCfg = Debug|Any CPU
		{3F892DBE-C393-41A4-8E8F-6F3D2CC1588D}.Debug|Any CPU.Build.0 = Debug|Any CPU
		{3F892DBE-C393-41A4-8E8F-6F3D2CC1588D}.Release|Any CPU.ActiveCfg = Release|Any CPU
		{3F892DBE-C393-41A4-8E8F-6F3D2CC1588D}.Release|Any CPU.Build.0 = Release|Any CPU
		{02AF68D3-B616-415B-8D74-C11E52F6C489}.Debug|Any CPU.ActiveCfg = Debug|Any CPU
		{02AF68D3-B616-415B-8D74-C11E52F6C489}.Debug|Any CPU.Build.0 = Debug|Any CPU
		{02AF68D3-B616-415B-8D74-C11E52F6C489}.Release|Any CPU.ActiveCfg = Release|Any CPU
		{02AF68D3-B616-415B-8D74-C11E52F6C489}.Release|Any CPU.Build.0 = Release|Any CPU
		{89899C1B-0BD0-41D4-AFDB-53FCE7D0865C}.Debug|Any CPU.ActiveCfg = Debug|Any CPU
		{89899C1B-0BD0-41D4-AFDB-53FCE7D0865C}.Debug|Any CPU.Build.0 = Debug|Any CPU
		{89899C1B-0BD0-41D4-AFDB-53FCE7D0865C}.Release|Any CPU.ActiveCfg = Release|Any CPU
		{89899C1B-0BD0-41D4-AFDB-53FCE7D0865C}.Release|Any CPU.Build.0 = Release|Any CPU
		{6600F2C8-ED33-4C53-89A5-F48121CA0686}.Debug|Any CPU.ActiveCfg = Debug|Any CPU
		{6600F2C8-ED33-4C53-89A5-F48121CA0686}.Debug|Any CPU.Build.0 = Debug|Any CPU
		{6600F2C8-ED33-4C53-89A5-F48121CA0686}.Release|Any CPU.ActiveCfg = Release|Any CPU
		{6600F2C8-ED33-4C53-89A5-F48121CA0686}.Release|Any CPU.Build.0 = Release|Any CPU
		{A23DA5DC-BBEA-402D-8B1D-727B316BD061}.Debug|Any CPU.ActiveCfg = Debug|Any CPU
		{A23DA5DC-BBEA-402D-8B1D-727B316BD061}.Debug|Any CPU.Build.0 = Debug|Any CPU
		{A23DA5DC-BBEA-402D-8B1D-727B316BD061}.Release|Any CPU.ActiveCfg = Release|Any CPU
		{A23DA5DC-BBEA-402D-8B1D-727B316BD061}.Release|Any CPU.Build.0 = Release|Any CPU
		{97B7DBF9-6445-4DED-9429-EADD3263CD18}.Debug|Any CPU.ActiveCfg = Debug|Any CPU
		{97B7DBF9-6445-4DED-9429-EADD3263CD18}.Debug|Any CPU.Build.0 = Debug|Any CPU
		{97B7DBF9-6445-4DED-9429-EADD3263CD18}.Release|Any CPU.ActiveCfg = Release|Any CPU
		{97B7DBF9-6445-4DED-9429-EADD3263CD18}.Release|Any CPU.Build.0 = Release|Any CPU
		{764ED012-BB5D-46E7-8652-4330BE77DE99}.Debug|Any CPU.ActiveCfg = Debug|Any CPU
		{764ED012-BB5D-46E7-8652-4330BE77DE99}.Debug|Any CPU.Build.0 = Debug|Any CPU
		{764ED012-BB5D-46E7-8652-4330BE77DE99}.Release|Any CPU.ActiveCfg = Release|Any CPU
		{764ED012-BB5D-46E7-8652-4330BE77DE99}.Release|Any CPU.Build.0 = Release|Any CPU
		{B65F73F7-2AFC-4E56-8FEB-3E50837491B0}.Debug|Any CPU.ActiveCfg = Debug|Any CPU
		{B65F73F7-2AFC-4E56-8FEB-3E50837491B0}.Debug|Any CPU.Build.0 = Debug|Any CPU
		{B65F73F7-2AFC-4E56-8FEB-3E50837491B0}.Release|Any CPU.ActiveCfg = Release|Any CPU
		{B65F73F7-2AFC-4E56-8FEB-3E50837491B0}.Release|Any CPU.Build.0 = Release|Any CPU
		{043177D0-D2BB-448F-ABCA-F0FB0AB925FE}.Debug|Any CPU.ActiveCfg = Debug|Any CPU
		{043177D0-D2BB-448F-ABCA-F0FB0AB925FE}.Debug|Any CPU.Build.0 = Debug|Any CPU
		{043177D0-D2BB-448F-ABCA-F0FB0AB925FE}.Release|Any CPU.ActiveCfg = Release|Any CPU
		{043177D0-D2BB-448F-ABCA-F0FB0AB925FE}.Release|Any CPU.Build.0 = Release|Any CPU
		{08137A63-3A97-46FE-A562-CC915A08C216}.Debug|Any CPU.ActiveCfg = Debug|Any CPU
		{08137A63-3A97-46FE-A562-CC915A08C216}.Debug|Any CPU.Build.0 = Debug|Any CPU
		{08137A63-3A97-46FE-A562-CC915A08C216}.Release|Any CPU.ActiveCfg = Release|Any CPU
		{08137A63-3A97-46FE-A562-CC915A08C216}.Release|Any CPU.Build.0 = Release|Any CPU
		{2CE3D13C-3A15-4012-BDCB-81875F40C949}.Debug|Any CPU.ActiveCfg = Debug|Any CPU
		{2CE3D13C-3A15-4012-BDCB-81875F40C949}.Debug|Any CPU.Build.0 = Debug|Any CPU
		{2CE3D13C-3A15-4012-BDCB-81875F40C949}.Release|Any CPU.ActiveCfg = Release|Any CPU
		{2CE3D13C-3A15-4012-BDCB-81875F40C949}.Release|Any CPU.Build.0 = Release|Any CPU
		{1FDB3978-2A36-470F-B604-D75C75D27BF4}.Debug|Any CPU.ActiveCfg = Debug|Any CPU
		{1FDB3978-2A36-470F-B604-D75C75D27BF4}.Debug|Any CPU.Build.0 = Debug|Any CPU
		{1FDB3978-2A36-470F-B604-D75C75D27BF4}.Release|Any CPU.ActiveCfg = Release|Any CPU
		{1FDB3978-2A36-470F-B604-D75C75D27BF4}.Release|Any CPU.Build.0 = Release|Any CPU
		{0089F50D-A2C8-443A-BAC0-E9C2DC6987FC}.Debug|Any CPU.ActiveCfg = Debug|Any CPU
		{0089F50D-A2C8-443A-BAC0-E9C2DC6987FC}.Debug|Any CPU.Build.0 = Debug|Any CPU
		{0089F50D-A2C8-443A-BAC0-E9C2DC6987FC}.Release|Any CPU.ActiveCfg = Release|Any CPU
		{0089F50D-A2C8-443A-BAC0-E9C2DC6987FC}.Release|Any CPU.Build.0 = Release|Any CPU
	EndGlobalSection
EndGlobal
