
Microsoft Visual Studio Solution File, Format Version 12.00
Project("{FAE04EC0-301F-11D3-BF4B-00C04F79EFBC}") = "BookClub.Api", "BookClub.Api\BookClub.Api.csproj", "{133264A1-8F45-4D42-8CD5-C75D27A2412B}"
EndProject
Project("{FAE04EC0-301F-11D3-BF4B-00C04F79EFBC}") = "BookClub.Ui", "BookClub.Ui\BookClub.Ui.csproj", "{DE6B7D40-C18D-4C07-BB33-BFC4A271DF4F}"
EndProject
Project("{FAE04EC0-301F-11D3-BF4B-00C04F79EFBC}") = "BookClub.Dal", "BookClub.Dal\BookClub.Dal.csproj", "{A7F66555-2BCB-47CA-8B21-C9FC0F2B05C6}"
EndProject
Global
	GlobalSection(SolutionConfigurationPlatforms) = preSolution
		Debug|Any CPU = Debug|Any CPU
		Release|Any CPU = Release|Any CPU
	EndGlobalSection
	GlobalSection(NestedProjects) = preSolution
	EndGlobalSection
	GlobalSection(ProjectConfigurationPlatforms) = postSolution
		{133264A1-8F45-4D42-8CD5-C75D27A2412B}.Debug|Any CPU.ActiveCfg = Debug|Any CPU
		{133264A1-8F45-4D42-8CD5-C75D27A2412B}.Debug|Any CPU.Build.0 = Debug|Any CPU
		{133264A1-8F45-4D42-8CD5-C75D27A2412B}.Release|Any CPU.ActiveCfg = Release|Any CPU
		{133264A1-8F45-4D42-8CD5-C75D27A2412B}.Release|Any CPU.Build.0 = Release|Any CPU
		{DE6B7D40-C18D-4C07-BB33-BFC4A271DF4F}.Debug|Any CPU.ActiveCfg = Debug|Any CPU
		{DE6B7D40-C18D-4C07-BB33-BFC4A271DF4F}.Debug|Any CPU.Build.0 = Debug|Any CPU
		{DE6B7D40-C18D-4C07-BB33-BFC4A271DF4F}.Release|Any CPU.ActiveCfg = Release|Any CPU
		{DE6B7D40-C18D-4C07-BB33-BFC4A271DF4F}.Release|Any CPU.Build.0 = Release|Any CPU
		{A7F66555-2BCB-47CA-8B21-C9FC0F2B05C6}.Debug|Any CPU.ActiveCfg = Debug|Any CPU
		{A7F66555-2BCB-47CA-8B21-C9FC0F2B05C6}.Debug|Any CPU.Build.0 = Debug|Any CPU
		{A7F66555-2BCB-47CA-8B21-C9FC0F2B05C6}.Release|Any CPU.ActiveCfg = Release|Any CPU
		{A7F66555-2BCB-47CA-8B21-C9FC0F2B05C6}.Release|Any CPU.Build.0 = Release|Any CPU
	EndGlobalSection
EndGlobal
