
Microsoft Visual Studio Solution File, Format Version 12.00
Project("{2150E333-8FDC-42A3-9474-1A3956D46DE8}") = "BookClub", "BookClub", "{2DCB1758-1D9B-47AD-9F68-38BA69C0077C}"
EndProject
Project("{FAE04EC0-301F-11D3-BF4B-00C04F79EFBC}") = "BookClub.API", "BookClub.API\BookClub.API.csproj", "{28C51B1F-D212-48A8-84E3-1700B19C853F}"
EndProject
Project("{FAE04EC0-301F-11D3-BF4B-00C04F79EFBC}") = "BookClub.Data", "BookClub.Data\BookClub.Data.csproj", "{291254E1-97D8-4DDF-A6A9-C8F3CF169850}"
EndProject
Project("{FAE04EC0-301F-11D3-BF4B-00C04F79EFBC}") = "BookClub.Entities", "BookClub.Entities\BookClub.Entities.csproj", "{1DC0D0DB-9411-4277-9891-4587F87A3FCD}"
EndProject
Project("{FAE04EC0-301F-11D3-BF4B-00C04F79EFBC}") = "BookClub.Infrastructure", "BookClub.Infrastructure\BookClub.Infrastructure.csproj", "{E63F9E11-A87C-4072-8492-6749B0133289}"
EndProject
Project("{FAE04EC0-301F-11D3-BF4B-00C04F79EFBC}") = "BookClub.Logic", "BookClub.Logic\BookClub.Logic.csproj", "{712AEB78-34F8-418C-912A-FF68305719E7}"
EndProject
Project("{FAE04EC0-301F-11D3-BF4B-00C04F79EFBC}") = "BookClub.UI", "BookClub.UI\BookClub.UI.csproj", "{5631241A-0635-4847-8C35-FA87A39AA5B9}"
EndProject
Global
	GlobalSection(SolutionConfigurationPlatforms) = preSolution
		Debug|Any CPU = Debug|Any CPU
		Release|Any CPU = Release|Any CPU
	EndGlobalSection
	GlobalSection(NestedProjects) = preSolution
		{28C51B1F-D212-48A8-84E3-1700B19C853F} = {2DCB1758-1D9B-47AD-9F68-38BA69C0077C}
		{291254E1-97D8-4DDF-A6A9-C8F3CF169850} = {2DCB1758-1D9B-47AD-9F68-38BA69C0077C}
		{1DC0D0DB-9411-4277-9891-4587F87A3FCD} = {2DCB1758-1D9B-47AD-9F68-38BA69C0077C}
		{E63F9E11-A87C-4072-8492-6749B0133289} = {2DCB1758-1D9B-47AD-9F68-38BA69C0077C}
		{712AEB78-34F8-418C-912A-FF68305719E7} = {2DCB1758-1D9B-47AD-9F68-38BA69C0077C}
		{5631241A-0635-4847-8C35-FA87A39AA5B9} = {2DCB1758-1D9B-47AD-9F68-38BA69C0077C}
	EndGlobalSection
	GlobalSection(ProjectConfigurationPlatforms) = postSolution
		{28C51B1F-D212-48A8-84E3-1700B19C853F}.Debug|Any CPU.ActiveCfg = Debug|Any CPU
		{28C51B1F-D212-48A8-84E3-1700B19C853F}.Debug|Any CPU.Build.0 = Debug|Any CPU
		{28C51B1F-D212-48A8-84E3-1700B19C853F}.Release|Any CPU.ActiveCfg = Release|Any CPU
		{28C51B1F-D212-48A8-84E3-1700B19C853F}.Release|Any CPU.Build.0 = Release|Any CPU
		{291254E1-97D8-4DDF-A6A9-C8F3CF169850}.Debug|Any CPU.ActiveCfg = Debug|Any CPU
		{291254E1-97D8-4DDF-A6A9-C8F3CF169850}.Debug|Any CPU.Build.0 = Debug|Any CPU
		{291254E1-97D8-4DDF-A6A9-C8F3CF169850}.Release|Any CPU.ActiveCfg = Release|Any CPU
		{291254E1-97D8-4DDF-A6A9-C8F3CF169850}.Release|Any CPU.Build.0 = Release|Any CPU
		{1DC0D0DB-9411-4277-9891-4587F87A3FCD}.Debug|Any CPU.ActiveCfg = Debug|Any CPU
		{1DC0D0DB-9411-4277-9891-4587F87A3FCD}.Debug|Any CPU.Build.0 = Debug|Any CPU
		{1DC0D0DB-9411-4277-9891-4587F87A3FCD}.Release|Any CPU.ActiveCfg = Release|Any CPU
		{1DC0D0DB-9411-4277-9891-4587F87A3FCD}.Release|Any CPU.Build.0 = Release|Any CPU
		{E63F9E11-A87C-4072-8492-6749B0133289}.Debug|Any CPU.ActiveCfg = Debug|Any CPU
		{E63F9E11-A87C-4072-8492-6749B0133289}.Debug|Any CPU.Build.0 = Debug|Any CPU
		{E63F9E11-A87C-4072-8492-6749B0133289}.Release|Any CPU.ActiveCfg = Release|Any CPU
		{E63F9E11-A87C-4072-8492-6749B0133289}.Release|Any CPU.Build.0 = Release|Any CPU
		{712AEB78-34F8-418C-912A-FF68305719E7}.Debug|Any CPU.ActiveCfg = Debug|Any CPU
		{712AEB78-34F8-418C-912A-FF68305719E7}.Debug|Any CPU.Build.0 = Debug|Any CPU
		{712AEB78-34F8-418C-912A-FF68305719E7}.Release|Any CPU.ActiveCfg = Release|Any CPU
		{712AEB78-34F8-418C-912A-FF68305719E7}.Release|Any CPU.Build.0 = Release|Any CPU
		{5631241A-0635-4847-8C35-FA87A39AA5B9}.Debug|Any CPU.ActiveCfg = Debug|Any CPU
		{5631241A-0635-4847-8C35-FA87A39AA5B9}.Debug|Any CPU.Build.0 = Debug|Any CPU
		{5631241A-0635-4847-8C35-FA87A39AA5B9}.Release|Any CPU.ActiveCfg = Release|Any CPU
		{5631241A-0635-4847-8C35-FA87A39AA5B9}.Release|Any CPU.Build.0 = Release|Any CPU
	EndGlobalSection
EndGlobal
