
Microsoft Visual Studio Solution File, Format Version 12.00
Project("{FAE04EC0-301F-11D3-BF4B-00C04F79EFBC}") = "Reading-and-Writing-Data-Incrementally-Using-Streams", "Reading-and-Writing-Data-Incrementally-Using-Streams.csproj", "{0C08026A-79FD-4866-BC7B-C0CE1B820640}"
EndProject
Global
	GlobalSection(SolutionConfigurationPlatforms) = preSolution
		Debug|Any CPU = Debug|Any CPU
		Release|Any CPU = Release|Any CPU
	EndGlobalSection
	GlobalSection(ProjectConfigurationPlatforms) = postSolution
		{0C08026A-79FD-4866-BC7B-C0CE1B820640}.Debug|Any CPU.ActiveCfg = Debug|Any CPU
		{0C08026A-79FD-4866-BC7B-C0CE1B820640}.Debug|Any CPU.Build.0 = Debug|Any CPU
		{0C08026A-79FD-4866-BC7B-C0CE1B820640}.Release|Any CPU.ActiveCfg = Release|Any CPU
		{0C08026A-79FD-4866-BC7B-C0CE1B820640}.Release|Any CPU.Build.0 = Release|Any CPU
	EndGlobalSection
EndGlobal
