
Microsoft Visual Studio Solution File, Format Version 12.00
Project("{FAE04EC0-301F-11D3-BF4B-00C04F79EFBC}") = "FirstWebApplication", "FirstWebApplication\FirstWebApplication.csproj", "{0D9D12E7-957E-4FF6-A52A-7C7B7538DC0E}"
EndProject
Project("{FAE04EC0-301F-11D3-BF4B-00C04F79EFBC}") = "FirstWebApplication.Models", "FirstWebApplication.Models\FirstWebApplication.Models.csproj", "{F907E486-662B-4C5E-A012-E57804202A4F}"
EndProject
Project("{FAE04EC0-301F-11D3-BF4B-00C04F79EFBC}") = "FirstWebApplication.Dal", "FirstWebApplication.Dal\FirstWebApplication.Dal.csproj", "{908ACD78-DEF7-4DF6-98D4-23683A383036}"
EndProject
Global
	GlobalSection(SolutionConfigurationPlatforms) = preSolution
		Debug|Any CPU = Debug|Any CPU
		Release|Any CPU = Release|Any CPU
	EndGlobalSection
	GlobalSection(ProjectConfigurationPlatforms) = postSolution
		{0D9D12E7-957E-4FF6-A52A-7C7B7538DC0E}.Debug|Any CPU.ActiveCfg = Debug|Any CPU
		{0D9D12E7-957E-4FF6-A52A-7C7B7538DC0E}.Debug|Any CPU.Build.0 = Debug|Any CPU
		{0D9D12E7-957E-4FF6-A52A-7C7B7538DC0E}.Release|Any CPU.ActiveCfg = Release|Any CPU
		{0D9D12E7-957E-4FF6-A52A-7C7B7538DC0E}.Release|Any CPU.Build.0 = Release|Any CPU
		{F907E486-662B-4C5E-A012-E57804202A4F}.Debug|Any CPU.ActiveCfg = Debug|Any CPU
		{F907E486-662B-4C5E-A012-E57804202A4F}.Debug|Any CPU.Build.0 = Debug|Any CPU
		{F907E486-662B-4C5E-A012-E57804202A4F}.Release|Any CPU.ActiveCfg = Release|Any CPU
		{F907E486-662B-4C5E-A012-E57804202A4F}.Release|Any CPU.Build.0 = Release|Any CPU
		{908ACD78-DEF7-4DF6-98D4-23683A383036}.Debug|Any CPU.ActiveCfg = Debug|Any CPU
		{908ACD78-DEF7-4DF6-98D4-23683A383036}.Debug|Any CPU.Build.0 = Debug|Any CPU
		{908ACD78-DEF7-4DF6-98D4-23683A383036}.Release|Any CPU.ActiveCfg = Release|Any CPU
		{908ACD78-DEF7-4DF6-98D4-23683A383036}.Release|Any CPU.Build.0 = Release|Any CPU
	EndGlobalSection
EndGlobal
