
Microsoft Visual Studio Solution File, Format Version 12.00
Project("{2150E333-8FDC-42A3-9474-1A3956D46DE8}") = "Module02", "Module02", "{DC2595AA-0F1C-4FCE-801D-72D67359DAC7}"
EndProject
Project("{FAE04EC0-301F-11D3-BF4B-00C04F79EFBC}") = "StockAnalyzer.Wpf", "StockAnalyzer.Wpf\StockAnalyzer.Wpf.csproj", "{8C73AEC1-D4BA-4087-A8DF-6C831F57F1BB}"
EndProject
Project("{FAE04EC0-301F-11D3-BF4B-00C04F79EFBC}") = "StockAnalyzer.Core", "StockAnalyzer.Core\StockAnalyzer.Core.csproj", "{0FDEBE53-A0A3-4EC2-9503-E26282E4B7E2}"
EndProject
Project("{FAE04EC0-301F-11D3-BF4B-00C04F79EFBC}") = "StockAnalyzer.Web", "StockAnalyzer.Web\StockAnalyzer.Web.csproj", "{410E8455-E4AF-47B7-8762-E6AB73D23E62}"
EndProject
Global
	GlobalSection(SolutionConfigurationPlatforms) = preSolution
		Debug|Any CPU = Debug|Any CPU
		Release|Any CPU = Release|Any CPU
	EndGlobalSection
	GlobalSection(ProjectConfigurationPlatforms) = postSolution
		{8C73AEC1-D4BA-4087-A8DF-6C831F57F1BB}.Debug|Any CPU.ActiveCfg = Debug|Any CPU
		{8C73AEC1-D4BA-4087-A8DF-6C831F57F1BB}.Debug|Any CPU.Build.0 = Debug|Any CPU
		{8C73AEC1-D4BA-4087-A8DF-6C831F57F1BB}.Release|Any CPU.ActiveCfg = Release|Any CPU
		{8C73AEC1-D4BA-4087-A8DF-6C831F57F1BB}.Release|Any CPU.Build.0 = Release|Any CPU
		{0FDEBE53-A0A3-4EC2-9503-E26282E4B7E2}.Debug|Any CPU.ActiveCfg = Debug|Any CPU
		{0FDEBE53-A0A3-4EC2-9503-E26282E4B7E2}.Debug|Any CPU.Build.0 = Debug|Any CPU
		{0FDEBE53-A0A3-4EC2-9503-E26282E4B7E2}.Release|Any CPU.ActiveCfg = Release|Any CPU
		{0FDEBE53-A0A3-4EC2-9503-E26282E4B7E2}.Release|Any CPU.Build.0 = Release|Any CPU
		{410E8455-E4AF-47B7-8762-E6AB73D23E62}.Debug|Any CPU.ActiveCfg = Debug|Any CPU
		{410E8455-E4AF-47B7-8762-E6AB73D23E62}.Debug|Any CPU.Build.0 = Debug|Any CPU
		{410E8455-E4AF-47B7-8762-E6AB73D23E62}.Release|Any CPU.ActiveCfg = Release|Any CPU
		{410E8455-E4AF-47B7-8762-E6AB73D23E62}.Release|Any CPU.Build.0 = Release|Any CPU
	EndGlobalSection
	GlobalSection(NestedProjects) = preSolution
		{8C73AEC1-D4BA-4087-A8DF-6C831F57F1BB} = {DC2595AA-0F1C-4FCE-801D-72D67359DAC7}
		{0FDEBE53-A0A3-4EC2-9503-E26282E4B7E2} = {DC2595AA-0F1C-4FCE-801D-72D67359DAC7}
		{410E8455-E4AF-47B7-8762-E6AB73D23E62} = {DC2595AA-0F1C-4FCE-801D-72D67359DAC7}
	EndGlobalSection
EndGlobal
